
Microsoft Visual Studio Solution File, Format Version 12.00
# Visual Studio Version 16
VisualStudioVersion = 16.0.30717.126
MinimumVisualStudioVersion = 10.0.40219.1
Project("{2150E333-8FDC-42A3-9474-1A3956D46DE8}") = "src", "src", "{FA933160-363B-4E44-A539-7960C6C0E0B6}"
EndProject
Project("{2150E333-8FDC-42A3-9474-1A3956D46DE8}") = "test", "test", "{F76A4016-5892-4179-9ACA-D56CEEB7CA20}"
EndProject
Project("{2150E333-8FDC-42A3-9474-1A3956D46DE8}") = "Api", "Api", "{F09BBB99-4488-44CE-87F2-9F8F77257EB8}"
EndProject
Project("{2150E333-8FDC-42A3-9474-1A3956D46DE8}") = "Core", "Core", "{91EA81FD-D1F4-41A4-B5AD-2E56D9AFCF09}"
EndProject
Project("{2150E333-8FDC-42A3-9474-1A3956D46DE8}") = "UI", "UI", "{B609C4C9-39F7-496E-AAE1-D912A443FDAA}"
EndProject
Project("{2150E333-8FDC-42A3-9474-1A3956D46DE8}") = "Infrastructure", "Infrastructure", "{8D0AB3C2-1E89-4BE4-85C2-277914B113DD}"
EndProject
Project("{9A19103F-16F7-4668-BE54-9A1E7A4F7556}") = "Vidly.Domain", "Vidly.Domain\Vidly.Domain.csproj", "{E5BABB43-403E-4189-828C-660D7600B58D}"
EndProject
Project("{9A19103F-16F7-4668-BE54-9A1E7A4F7556}") = "Vidly.Application", "Vidly.Application\Vidly.Application.csproj", "{91B8D0CE-9D4C-4F8E-AE56-63FBB05C4536}"
EndProject
Project("{FAE04EC0-301F-11D3-BF4B-00C04F79EFBC}") = "Vidly.Application.UnitTest", "Vidly.Application.UnitTest\Vidly.Application.UnitTest.csproj", "{244921CA-3F37-4B76-9877-2D9AA8B93DF6}"
EndProject
Global
	GlobalSection(SolutionConfigurationPlatforms) = preSolution
		Debug|Any CPU = Debug|Any CPU
		Release|Any CPU = Release|Any CPU
	EndGlobalSection
	GlobalSection(ProjectConfigurationPlatforms) = postSolution
		{E5BABB43-403E-4189-828C-660D7600B58D}.Debug|Any CPU.ActiveCfg = Debug|Any CPU
		{E5BABB43-403E-4189-828C-660D7600B58D}.Debug|Any CPU.Build.0 = Debug|Any CPU
		{E5BABB43-403E-4189-828C-660D7600B58D}.Release|Any CPU.ActiveCfg = Release|Any CPU
		{E5BABB43-403E-4189-828C-660D7600B58D}.Release|Any CPU.Build.0 = Release|Any CPU
		{91B8D0CE-9D4C-4F8E-AE56-63FBB05C4536}.Debug|Any CPU.ActiveCfg = Debug|Any CPU
		{91B8D0CE-9D4C-4F8E-AE56-63FBB05C4536}.Debug|Any CPU.Build.0 = Debug|Any CPU
		{91B8D0CE-9D4C-4F8E-AE56-63FBB05C4536}.Release|Any CPU.ActiveCfg = Release|Any CPU
		{91B8D0CE-9D4C-4F8E-AE56-63FBB05C4536}.Release|Any CPU.Build.0 = Release|Any CPU
		{244921CA-3F37-4B76-9877-2D9AA8B93DF6}.Debug|Any CPU.ActiveCfg = Debug|Any CPU
		{244921CA-3F37-4B76-9877-2D9AA8B93DF6}.Debug|Any CPU.Build.0 = Debug|Any CPU
		{244921CA-3F37-4B76-9877-2D9AA8B93DF6}.Release|Any CPU.ActiveCfg = Release|Any CPU
		{244921CA-3F37-4B76-9877-2D9AA8B93DF6}.Release|Any CPU.Build.0 = Release|Any CPU
	EndGlobalSection
	GlobalSection(SolutionProperties) = preSolution
		HideSolutionNode = FALSE
	EndGlobalSection
	GlobalSection(NestedProjects) = preSolution
		{F09BBB99-4488-44CE-87F2-9F8F77257EB8} = {FA933160-363B-4E44-A539-7960C6C0E0B6}
		{91EA81FD-D1F4-41A4-B5AD-2E56D9AFCF09} = {FA933160-363B-4E44-A539-7960C6C0E0B6}
		{B609C4C9-39F7-496E-AAE1-D912A443FDAA} = {FA933160-363B-4E44-A539-7960C6C0E0B6}
		{8D0AB3C2-1E89-4BE4-85C2-277914B113DD} = {FA933160-363B-4E44-A539-7960C6C0E0B6}
		{E5BABB43-403E-4189-828C-660D7600B58D} = {91EA81FD-D1F4-41A4-B5AD-2E56D9AFCF09}
		{91B8D0CE-9D4C-4F8E-AE56-63FBB05C4536} = {91EA81FD-D1F4-41A4-B5AD-2E56D9AFCF09}
		{244921CA-3F37-4B76-9877-2D9AA8B93DF6} = {F76A4016-5892-4179-9ACA-D56CEEB7CA20}
	EndGlobalSection
	GlobalSection(ExtensibilityGlobals) = postSolution
		SolutionGuid = {2CFDE60D-FC78-4CA0-81FA-D7FB604C514C}
	EndGlobalSection
EndGlobal
